// !$*UTF8*$!
{
	archiveVersion = 1;
	classes = {
	};
	objectVersion = 48;
	objects = {

/* Begin PBXBuildFile section */
		BBB935E620298EC700C17ED2 /* AppDelegate.m in Sources */ = {isa = PBXBuildFile; fileRef = BBB935E520298EC700C17ED2 /* AppDelegate.m */; };
		BBB935E920298EC700C17ED2 /* ViewController.m in Sources */ = {isa = PBXBuildFile; fileRef = BBB935E820298EC700C17ED2 /* ViewController.m */; };
		BBB935EC20298EC700C17ED2 /* Main.storyboard in Resources */ = {isa = PBXBuildFile; fileRef = BBB935EA20298EC700C17ED2 /* Main.storyboard */; };
		BBB935EE20298EC700C17ED2 /* Assets.xcassets in Resources */ = {isa = PBXBuildFile; fileRef = BBB935ED20298EC700C17ED2 /* Assets.xcassets */; };
		BBB935F120298EC700C17ED2 /* LaunchScreen.storyboard in Resources */ = {isa = PBXBuildFile; fileRef = BBB935EF20298EC700C17ED2 /* LaunchScreen.storyboard */; };
		BBB935F420298EC700C17ED2 /* main.m in Sources */ = {isa = PBXBuildFile; fileRef = BBB935F320298EC700C17ED2 /* main.m */; };
		BBB935FC202AE6CD00C17ED2 /* TracerouteCommon.m in Sources */ = {isa = PBXBuildFile; fileRef = BBB935FB202AE6CD00C17ED2 /* TracerouteCommon.m */; };
		BBB9366E202C4DC600C17ED2 /* Traceroute.m in Sources */ = {isa = PBXBuildFile; fileRef = BBB9366D202C4DC600C17ED2 /* Traceroute.m */; };
		BBB93671202C4E4C00C17ED2 /* TracerouteRecord.m in Sources */ = {isa = PBXBuildFile; fileRef = BBB93670202C4E4C00C17ED2 /* TracerouteRecord.m */; };
/* End PBXBuildFile section */

/* Begin PBXFileReference section */
		BBB935E120298EC700C17ED2 /* TracerouteDemo.app */ = {isa = PBXFileReference; explicitFileType = wrapper.application; includeInIndex = 0; path = TracerouteDemo.app; sourceTree = BUILT_PRODUCTS_DIR; };
		BBB935E420298EC700C17ED2 /* AppDelegate.h */ = {isa = PBXFileReference; lastKnownFileType = sourcecode.c.h; path = AppDelegate.h; sourceTree = "<group>"; };
		BBB935E520298EC700C17ED2 /* AppDelegate.m */ = {isa = PBXFileReference; lastKnownFileType = sourcecode.c.objc; path = AppDelegate.m; sourceTree = "<group>"; };
		BBB935E720298EC700C17ED2 /* ViewController.h */ = {isa = PBXFileReference; lastKnownFileType = sourcecode.c.h; path = ViewController.h; sourceTree = "<group>"; };
		BBB935E820298EC700C17ED2 /* ViewController.m */ = {isa = PBXFileReference; lastKnownFileType = sourcecode.c.objc; path = ViewController.m; sourceTree = "<group>"; };
		BBB935EB20298EC700C17ED2 /* Base */ = {isa = PBXFileReference; lastKnownFileType = file.storyboard; name = Base; path = Base.lproj/Main.storyboard; sourceTree = "<group>"; };
		BBB935ED20298EC700C17ED2 /* Assets.xcassets */ = {isa = PBXFileReference; lastKnownFileType = folder.assetcatalog; path = Assets.xcassets; sourceTree = "<group>"; };
		BBB935F020298EC700C17ED2 /* Base */ = {isa = PBXFileReference; lastKnownFileType = file.storyboard; name = Base; path = Base.lproj/LaunchScreen.storyboard; sourceTree = "<group>"; };
		BBB935F220298EC700C17ED2 /* Info.plist */ = {isa = PBXFileReference; lastKnownFileType = text.plist.xml; path = Info.plist; sourceTree = "<group>"; };
		BBB935F320298EC700C17ED2 /* main.m */ = {isa = PBXFileReference; lastKnownFileType = sourcecode.c.objc; path = main.m; sourceTree = "<group>"; };
		BBB935FB202AE6CD00C17ED2 /* TracerouteCommon.m */ = {isa = PBXFileReference; lastKnownFileType = sourcecode.c.objc; path = TracerouteCommon.m; sourceTree = "<group>"; };
		BBB935FD202AE6D500C17ED2 /* TracerouteCommon.h */ = {isa = PBXFileReference; lastKnownFileType = sourcecode.c.h; path = TracerouteCommon.h; sourceTree = "<group>"; };
		BBB9366C202C4DC600C17ED2 /* Traceroute.h */ = {isa = PBXFileReference; lastKnownFileType = sourcecode.c.h; path = Traceroute.h; sourceTree = "<group>"; };
		BBB9366D202C4DC600C17ED2 /* Traceroute.m */ = {isa = PBXFileReference; lastKnownFileType = sourcecode.c.objc; path = Traceroute.m; sourceTree = "<group>"; };
		BBB9366F202C4E4C00C17ED2 /* TracerouteRecord.h */ = {isa = PBXFileReference; lastKnownFileType = sourcecode.c.h; path = TracerouteRecord.h; sourceTree = "<group>"; };
		BBB93670202C4E4C00C17ED2 /* TracerouteRecord.m */ = {isa = PBXFileReference; lastKnownFileType = sourcecode.c.objc; path = TracerouteRecord.m; sourceTree = "<group>"; };
/* End PBXFileReference section */

/* Begin PBXFrameworksBuildPhase section */
		BBB935DE20298EC700C17ED2 /* Frameworks */ = {
			isa = PBXFrameworksBuildPhase;
			buildActionMask = 2147483647;
			files = (
			);
			runOnlyForDeploymentPostprocessing = 0;
		};
/* End PBXFrameworksBuildPhase section */

/* Begin PBXGroup section */
		BBB935D820298EC700C17ED2 = {
			isa = PBXGroup;
			children = (
				BBB935E320298EC700C17ED2 /* TracerouteDemo */,
				BBB935E220298EC700C17ED2 /* Products */,
			);
			sourceTree = "<group>";
		};
		BBB935E220298EC700C17ED2 /* Products */ = {
			isa = PBXGroup;
			children = (
				BBB935E120298EC700C17ED2 /* TracerouteDemo.app */,
			);
			name = Products;
			sourceTree = "<group>";
		};
		BBB935E320298EC700C17ED2 /* TracerouteDemo */ = {
			isa = PBXGroup;
			children = (
				BBB935FA202990E300C17ED2 /* Traceroute */,
				BBB935E420298EC700C17ED2 /* AppDelegate.h */,
				BBB935E520298EC700C17ED2 /* AppDelegate.m */,
				BBB935E720298EC700C17ED2 /* ViewController.h */,
				BBB935E820298EC700C17ED2 /* ViewController.m */,
				BBB935EA20298EC700C17ED2 /* Main.storyboard */,
				BBB935ED20298EC700C17ED2 /* Assets.xcassets */,
				BBB935EF20298EC700C17ED2 /* LaunchScreen.storyboard */,
				BBB935F220298EC700C17ED2 /* Info.plist */,
				BBB935F320298EC700C17ED2 /* main.m */,
			);
			path = TracerouteDemo;
			sourceTree = "<group>";
		};
		BBB935FA202990E300C17ED2 /* Traceroute */ = {
			isa = PBXGroup;
			children = (
				BBB9366C202C4DC600C17ED2 /* Traceroute.h */,
				BBB9366D202C4DC600C17ED2 /* Traceroute.m */,
				BBB9366F202C4E4C00C17ED2 /* TracerouteRecord.h */,
				BBB93670202C4E4C00C17ED2 /* TracerouteRecord.m */,
				BBB935FD202AE6D500C17ED2 /* TracerouteCommon.h */,
				BBB935FB202AE6CD00C17ED2 /* TracerouteCommon.m */,
			);
			path = Traceroute;
			sourceTree = "<group>";
		};
/* End PBXGroup section */

/* Begin PBXNativeTarget section */
		BBB935E020298EC700C17ED2 /* TracerouteDemo */ = {
			isa = PBXNativeTarget;
			buildConfigurationList = BBB935F720298EC700C17ED2 /* Build configuration list for PBXNativeTarget "TracerouteDemo" */;
			buildPhases = (
				BBB935DD20298EC700C17ED2 /* Sources */,
				BBB935DE20298EC700C17ED2 /* Frameworks */,
				BBB935DF20298EC700C17ED2 /* Resources */,
			);
			buildRules = (
			);
			dependencies = (
			);
			name = TracerouteDemo;
			productName = TracerouteDemo;
			productReference = BBB935E120298EC700C17ED2 /* TracerouteDemo.app */;
			productType = "com.apple.product-type.application";
		};
/* End PBXNativeTarget section */

/* Begin PBXProject section */
		BBB935D920298EC700C17ED2 /* Project object */ = {
			isa = PBXProject;
			attributes = {
				LastUpgradeCheck = 0910;
				ORGANIZATIONNAME = LZephyr;
				TargetAttributes = {
					BBB935E020298EC700C17ED2 = {
						CreatedOnToolsVersion = 9.1;
						ProvisioningStyle = Automatic;
					};
				};
			};
			buildConfigurationList = BBB935DC20298EC700C17ED2 /* Build configuration list for PBXProject "TracerouteDemo" */;
			compatibilityVersion = "Xcode 8.0";
			developmentRegion = en;
			hasScannedForEncodings = 0;
			knownRegions = (
				en,
				Base,
			);
			mainGroup = BBB935D820298EC700C17ED2;
			productRefGroup = BBB935E220298EC700C17ED2 /* Products */;
			projectDirPath = "";
			projectRoot = "";
			targets = (
				BBB935E020298EC700C17ED2 /* TracerouteDemo */,
			);
		};
/* End PBXProject section */

/* Begin PBXResourcesBuildPhase section */
		BBB935DF20298EC700C17ED2 /* Resources */ = {
			isa = PBXResourcesBuildPhase;
			buildActionMask = 2147483647;
			files = (
				BBB935F120298EC700C17ED2 /* LaunchScreen.storyboard in Resources */,
				BBB935EE20298EC700C17ED2 /* Assets.xcassets in Resources */,
				BBB935EC20298EC700C17ED2 /* Main.storyboard in Resources */,
			);
			runOnlyForDeploymentPostprocessing = 0;
		};
/* End PBXResourcesBuildPhase section */

/* Begin PBXSourcesBuildPhase section */
		BBB935DD20298EC700C17ED2 /* Sources */ = {
			isa = PBXSourcesBuildPhase;
			buildActionMask = 2147483647;
			files = (
				BBB9366E202C4DC600C17ED2 /* Traceroute.m in Sources */,
				BBB935FC202AE6CD00C17ED2 /* TracerouteCommon.m in Sources */,
				BBB93671202C4E4C00C17ED2 /* TracerouteRecord.m in Sources */,
				BBB935E920298EC700C17ED2 /* ViewController.m in Sources */,
				BBB935F420298EC700C17ED2 /* main.m in Sources */,
				BBB935E620298EC700C17ED2 /* AppDelegate.m in Sources */,
			);
			runOnlyForDeploymentPostprocessing = 0;
		};
/* End PBXSourcesBuildPhase section */

/* Begin PBXVariantGroup section */
		BBB935EA20298EC700C17ED2 /* Main.storyboard */ = {
			isa = PBXVariantGroup;
			children = (
				BBB935EB20298EC700C17ED2 /* Base */,
			);
			name = Main.storyboard;
			sourceTree = "<group>";
		};
		BBB935EF20298EC700C17ED2 /* LaunchScreen.storyboard */ = {
			isa = PBXVariantGroup;
			children = (
				BBB935F020298EC700C17ED2 /* Base */,
			);
			name = LaunchScreen.storyboard;
			sourceTree = "<group>";
		};
/* End PBXVariantGroup section */

/* Begin XCBuildConfiguration section */
		BBB935F520298EC700C17ED2 /* Debug */ = {
			isa = XCBuildConfiguration;
			buildSettings = {
				ALWAYS_SEARCH_USER_PATHS = NO;
				CLANG_ANALYZER_NONNULL = YES;
				CLANG_ANALYZER_NUMBER_OBJECT_CONVERSION = YES_AGGRESSIVE;
				CLANG_CXX_LANGUAGE_STANDARD = "gnu++14";
				CLANG_CXX_LIBRARY = "libc++";
				CLANG_ENABLE_MODULES = YES;
				CLANG_ENABLE_OBJC_ARC = YES;
				CLANG_WARN_BLOCK_CAPTURE_AUTORELEASING = YES;
				CLANG_WARN_BOOL_CONVERSION = YES;
				CLANG_WARN_COMMA = YES;
				CLANG_WARN_CONSTANT_CONVERSION = YES;
				CLANG_WARN_DIRECT_OBJC_ISA_USAGE = YES_ERROR;
				CLANG_WARN_DOCUMENTATION_COMMENTS = YES;
				CLANG_WARN_EMPTY_BODY = YES;
				CLANG_WARN_ENUM_CONVERSION = YES;
				CLANG_WARN_INFINITE_RECURSION = YES;
				CLANG_WARN_INT_CONVERSION = YES;
				CLANG_WARN_NON_LITERAL_NULL_CONVERSION = YES;
				CLANG_WARN_OBJC_LITERAL_CONVERSION = YES;
				CLANG_WARN_OBJC_ROOT_CLASS = YES_ERROR;
				CLANG_WARN_RANGE_LOOP_ANALYSIS = YES;
				CLANG_WARN_STRICT_PROTOTYPES = YES;
				CLANG_WARN_SUSPICIOUS_MOVE = YES;
				CLANG_WARN_UNGUARDED_AVAILABILITY = YES_AGGRESSIVE;
				CLANG_WARN_UNREACHABLE_CODE = YES;
				CLANG_WARN__DUPLICATE_METHOD_MATCH = YES;
				CODE_SIGN_IDENTITY = "iPhone Developer";
				COPY_PHASE_STRIP = NO;
				DEBUG_INFORMATION_FORMAT = dwarf;
				ENABLE_STRICT_OBJC_MSGSEND = YES;
				ENABLE_TESTABILITY = YES;
				GCC_C_LANGUAGE_STANDARD = gnu11;
				GCC_DYNAMIC_NO_PIC = NO;
				GCC_NO_COMMON_BLOCKS = YES;
				GCC_OPTIMIZATION_LEVEL = 0;
				GCC_PREPROCESSOR_DEFINITIONS = (
					"DEBUG=1",
					"$(inherited)",
				);
				GCC_WARN_64_TO_32_BIT_CONVERSION = YES;
				GCC_WARN_ABOUT_RETURN_TYPE = YES_ERROR;
				GCC_WARN_UNDECLARED_SELECTOR = YES;
				GCC_WARN_UNINITIALIZED_AUTOS = YES_AGGRESSIVE;
				GCC_WARN_UNUSED_FUNCTION = YES;
				GCC_WARN_UNUSED_VARIABLE = YES;
				IPHONEOS_DEPLOYMENT_TARGET = 11.1;
				MTL_ENABLE_DEBUG_INFO = YES;
				ONLY_ACTIVE_ARCH = YES;
				SDKROOT = iphoneos;
			};
			name = Debug;
		};
		BBB935F620298EC700C17ED2 /* Release */ = {
			isa = XCBuildConfiguration;
			buildSettings = {
				ALWAYS_SEARCH_USER_PATHS = NO;
				CLANG_ANALYZER_NONNULL = YES;
				CLANG_ANALYZER_NUMBER_OBJECT_CONVERSION = YES_AGGRESSIVE;
				CLANG_CXX_LANGUAGE_STANDARD = "gnu++14";
				CLANG_CXX_LIBRARY = "libc++";
				CLANG_ENABLE_MODULES = YES;
				CLANG_ENABLE_OBJC_ARC = YES;
				CLANG_WARN_BLOCK_CAPTURE_AUTORELEASING = YES;
				CLANG_WARN_BOOL_CONVERSION = YES;
				CLANG_WARN_COMMA = YES;
				CLANG_WARN_CONSTANT_CONVERSION = YES;
				CLANG_WARN_DIRECT_OBJC_ISA_USAGE = YES_ERROR;
				CLANG_WARN_DOCUMENTATION_COMMENTS = YES;
				CLANG_WARN_EMPTY_BODY = YES;
				CLANG_WARN_ENUM_CONVERSION = YES;
				CLANG_WARN_INFINITE_RECURSION = YES;
				CLANG_WARN_INT_CONVERSION = YES;
				CLANG_WARN_NON_LITERAL_NULL_CONVERSION = YES;
				CLANG_WARN_OBJC_LITERAL_CONVERSION = YES;
				CLANG_WARN_OBJC_ROOT_CLASS = YES_ERROR;
				CLANG_WARN_RANGE_LOOP_ANALYSIS = YES;
				CLANG_WARN_STRICT_PROTOTYPES = YES;
				CLANG_WARN_SUSPICIOUS_MOVE = YES;
				CLANG_WARN_UNGUARDED_AVAILABILITY = YES_AGGRESSIVE;
				CLANG_WARN_UNREACHABLE_CODE = YES;
				CLANG_WARN__DUPLICATE_METHOD_MATCH = YES;
				CODE_SIGN_IDENTITY = "iPhone Developer";
				COPY_PHASE_STRIP = NO;
				DEBUG_INFORMATION_FORMAT = "dwarf-with-dsym";
				ENABLE_NS_ASSERTIONS = NO;
				ENABLE_STRICT_OBJC_MSGSEND = YES;
				GCC_C_LANGUAGE_STANDARD = gnu11;
				GCC_NO_COMMON_BLOCKS = YES;
				GCC_WARN_64_TO_32_BIT_CONVERSION = YES;
				GCC_WARN_ABOUT_RETURN_TYPE = YES_ERROR;
				GCC_WARN_UNDECLARED_SELECTOR = YES;
				GCC_WARN_UNINITIALIZED_AUTOS = YES_AGGRESSIVE;
				GCC_WARN_UNUSED_FUNCTION = YES;
				GCC_WARN_UNUSED_VARIABLE = YES;
				IPHONEOS_DEPLOYMENT_TARGET = 11.1;
				MTL_ENABLE_DEBUG_INFO = NO;
				SDKROOT = iphoneos;
				VALIDATE_PRODUCT = YES;
			};
			name = Release;
		};
		BBB935F820298EC700C17ED2 /* Debug */ = {
			isa = XCBuildConfiguration;
			buildSettings = {
				ASSETCATALOG_COMPILER_APPICON_NAME = AppIcon;
				CODE_SIGN_STYLE = Automatic;
				DEVELOPMENT_TEAM = WQJ84ABJFE;
				INFOPLIST_FILE = TracerouteDemo/Info.plist;
				IPHONEOS_DEPLOYMENT_TARGET = 9.0;
				LD_RUNPATH_SEARCH_PATHS = "$(inherited) @executable_path/Frameworks";
				PRODUCT_BUNDLE_IDENTIFIER = LZephyr.TracerouteDemo;
				PRODUCT_NAME = "$(TARGET_NAME)";
				TARGETED_DEVICE_FAMILY = "1,2";
			};
			name = Debug;
		};
		BBB935F920298EC700C17ED2 /* Release */ = {
			isa = XCBuildConfiguration;
			buildSettings = {
				ASSETCATALOG_COMPILER_APPICON_NAME = AppIcon;
				CODE_SIGN_STYLE = Automatic;
				DEVELOPMENT_TEAM = WQJ84ABJFE;
				INFOPLIST_FILE = TracerouteDemo/Info.plist;
				IPHONEOS_DEPLOYMENT_TARGET = 9.0;
				LD_RUNPATH_SEARCH_PATHS = "$(inherited) @executable_path/Frameworks";
				PRODUCT_BUNDLE_IDENTIFIER = LZephyr.TracerouteDemo;
				PRODUCT_NAME = "$(TARGET_NAME)";
				TARGETED_DEVICE_FAMILY = "1,2";
			};
			name = Release;
		};
/* End XCBuildConfiguration section */

/* Begin XCConfigurationList section */
		BBB935DC20298EC700C17ED2 /* Build configuration list for PBXProject "TracerouteDemo" */ = {
			isa = XCConfigurationList;
			buildConfigurations = (
				BBB935F520298EC700C17ED2 /* Debug */,
				BBB935F620298EC700C17ED2 /* Release */,
			);
			defaultConfigurationIsVisible = 0;
			defaultConfigurationName = Release;
		};
		BBB935F720298EC700C17ED2 /* Build configuration list for PBXNativeTarget "TracerouteDemo" */ = {
			isa = XCConfigurationList;
			buildConfigurations = (
				BBB935F820298EC700C17ED2 /* Debug */,
				BBB935F920298EC700C17ED2 /* Release */,
			);
			defaultConfigurationIsVisible = 0;
			defaultConfigurationName = Release;
		};
/* End XCConfigurationList section */
	};
	rootObject = BBB935D920298EC700C17ED2 /* Project object */;
}
